// !$*UTF8*$!
{
	archiveVersion = 1;
	classes = {
	};
	objectVersion = 55;
	objects = {

/* Begin PBXBuildFile section */
		00308DA928B2239300225D0D /* AppDelegate.swift in Sources */ = {isa = PBXBuildFile; fileRef = 00308DA828B2239300225D0D /* AppDelegate.swift */; };
		00308DAB28B2239300225D0D /* SceneDelegate.swift in Sources */ = {isa = PBXBuildFile; fileRef = 00308DAA28B2239300225D0D /* SceneDelegate.swift */; };
		00308DAD28B2239300225D0D /* ViewController.swift in Sources */ = {isa = PBXBuildFile; fileRef = 00308DAC28B2239300225D0D /* ViewController.swift */; };
		00308DB228B2239400225D0D /* Assets.xcassets in Resources */ = {isa = PBXBuildFile; fileRef = 00308DB128B2239400225D0D /* Assets.xcassets */; };
		00308DB528B2239400225D0D /* LaunchScreen.storyboard in Resources */ = {isa = PBXBuildFile; fileRef = 00308DB328B2239400225D0D /* LaunchScreen.storyboard */; };
		00308DE228B22B7200225D0D /* OpenGLES.framework in Frameworks */ = {isa = PBXBuildFile; fileRef = 00308DE128B22B7200225D0D /* OpenGLES.framework */; };
		00308DE428B22B7B00225D0D /* SystemConfiguration.framework in Frameworks */ = {isa = PBXBuildFile; fileRef = 00308DE328B22B7B00225D0D /* SystemConfiguration.framework */; };
		00308DE628B22B8C00225D0D /* CoreLocation.framework in Frameworks */ = {isa = PBXBuildFile; fileRef = 00308DE528B22B8C00225D0D /* CoreLocation.framework */; };
		00308DE828B22B9600225D0D /* QuartzCore.framework in Frameworks */ = {isa = PBXBuildFile; fileRef = 00308DE728B22B9600225D0D /* QuartzCore.framework */; };
		00308DEA28B22BA600225D0D /* libc++.tbd in Frameworks */ = {isa = PBXBuildFile; fileRef = 00308DE928B22BA600225D0D /* libc++.tbd */; };
		00308DEC28B22BB100225D0D /* libxml2.tbd in Frameworks */ = {isa = PBXBuildFile; fileRef = 00308DEB28B22BB100225D0D /* libxml2.tbd */; };
		00308DEE28B22BBF00225D0D /* libsqlite3.tbd in Frameworks */ = {isa = PBXBuildFile; fileRef = 00308DED28B22BBF00225D0D /* libsqlite3.tbd */; };
		00308E1628B22BDE00225D0D /* map_pinup_custom@3x.png in Resources */ = {isa = PBXBuildFile; fileRef = 00308DF128B22BDE00225D0D /* map_pinup_custom@3x.png */; };
		00308E1728B22BDE00225D0D /* map_pin_custom.png in Resources */ = {isa = PBXBuildFile; fileRef = 00308DF228B22BDE00225D0D /* map_pin_custom.png */; };
		00308E1828B22BDE00225D0D /* shadow_balloon.png in Resources */ = {isa = PBXBuildFile; fileRef = 00308DF328B22BDE00225D0D /* shadow_balloon.png */; };
		00308E1928B22BDE00225D0D /* map_pinup.png in Resources */ = {isa = PBXBuildFile; fileRef = 00308DF428B22BDE00225D0D /* map_pinup.png */; };
		00308E1A28B22BDE00225D0D /* detail_button.png in Resources */ = {isa = PBXBuildFile; fileRef = 00308DF528B22BDE00225D0D /* detail_button.png */; };
		00308E1B28B22BDE00225D0D /* map_pin_custom@3x.png in Resources */ = {isa = PBXBuildFile; fileRef = 00308DF628B22BDE00225D0D /* map_pin_custom@3x.png */; };
		00308E1C28B22BDE00225D0D /* map_pinup@3x.png in Resources */ = {isa = PBXBuildFile; fileRef = 00308DF728B22BDE00225D0D /* map_pinup@3x.png */; };
		00308E1D28B22BDE00225D0D /* map_pin_shadow@3x.png in Resources */ = {isa = PBXBuildFile; fileRef = 00308DF828B22BDE00225D0D /* map_pin_shadow@3x.png */; };
		00308E1E28B22BDE00225D0D /* copyright.png in Resources */ = {isa = PBXBuildFile; fileRef = 00308DF928B22BDE00225D0D /* copyright.png */; };
		00308E1F28B22BDE00225D0D /* th_line.png in Resources */ = {isa = PBXBuildFile; fileRef = 00308DFA28B22BDE00225D0D /* th_line.png */; };
		00308E2028B22BDE00225D0D /* map_pin_red@3x.png in Resources */ = {isa = PBXBuildFile; fileRef = 00308DFB28B22BDE00225D0D /* map_pin_red@3x.png */; };
		00308E2128B22BDE00225D0D /* daum_copyright.png in Resources */ = {isa = PBXBuildFile; fileRef = 00308DFC28B22BDE00225D0D /* daum_copyright.png */; };
		00308E2228B22BDE00225D0D /* map_pin@3x.png in Resources */ = {isa = PBXBuildFile; fileRef = 00308DFD28B22BDE00225D0D /* map_pin@3x.png */; };
		00308E2328B22BDE00225D0D /* map_present_tracking.png in Resources */ = {isa = PBXBuildFile; fileRef = 00308DFE28B22BDE00225D0D /* map_present_tracking.png */; };
		00308E2428B22BDE00225D0D /* map_pin_red.png in Resources */ = {isa = PBXBuildFile; fileRef = 00308DFF28B22BDE00225D0D /* map_pin_red.png */; };
		00308E2528B22BDE00225D0D /* info_box.png in Resources */ = {isa = PBXBuildFile; fileRef = 00308E0928B22BDE00225D0D /* info_box.png */; };
		00308E2628B22BDE00225D0D /* point_sprite.png in Resources */ = {isa = PBXBuildFile; fileRef = 00308E0A28B22BDE00225D0D /* point_sprite.png */; };
		00308E2728B22BDE00225D0D /* map_pinup_custom.png in Resources */ = {isa = PBXBuildFile; fileRef = 00308E0B28B22BDE00225D0D /* map_pinup_custom.png */; };
		00308E2828B22BDE00225D0D /* info_box_tail.png in Resources */ = {isa = PBXBuildFile; fileRef = 00308E0C28B22BDE00225D0D /* info_box_tail.png */; };
		00308E2928B22BDE00225D0D /* noimage256.png in Resources */ = {isa = PBXBuildFile; fileRef = 00308E0D28B22BDE00225D0D /* noimage256.png */; };
		00308E2A28B22BDE00225D0D /* map_present_direction.png in Resources */ = {isa = PBXBuildFile; fileRef = 00308E0E28B22BDE00225D0D /* map_present_direction.png */; };
		00308E2B28B22BDE00225D0D /* map_pin.png in Resources */ = {isa = PBXBuildFile; fileRef = 00308E0F28B22BDE00225D0D /* map_pin.png */; };
		00308E2C28B22BDE00225D0D /* map_present.png in Resources */ = {isa = PBXBuildFile; fileRef = 00308E1028B22BDE00225D0D /* map_present.png */; };
		00308E2D28B22BDE00225D0D /* noimage.png in Resources */ = {isa = PBXBuildFile; fileRef = 00308E1128B22BDE00225D0D /* noimage.png */; };
		00308E2E28B22BDE00225D0D /* map_present_background_update.png in Resources */ = {isa = PBXBuildFile; fileRef = 00308E1228B22BDE00225D0D /* map_present_background_update.png */; };
		00308E2F28B22BDE00225D0D /* daum_th_line.png in Resources */ = {isa = PBXBuildFile; fileRef = 00308E1328B22BDE00225D0D /* daum_th_line.png */; };
		00308E3028B22BDE00225D0D /* map_pin_shadow.png in Resources */ = {isa = PBXBuildFile; fileRef = 00308E1428B22BDE00225D0D /* map_pin_shadow.png */; };
		0046EE1028B2796400F2E52F /* LocationData.swift in Sources */ = {isa = PBXBuildFile; fileRef = 0046EE0F28B2796400F2E52F /* LocationData.swift */; };
		0046EE1328B279DD00F2E52F /* KLDocument.swift in Sources */ = {isa = PBXBuildFile; fileRef = 0046EE1228B279DD00F2E52F /* KLDocument.swift */; };
		0046EE1528B27AD500F2E52F /* DetailListCellData.swift in Sources */ = {isa = PBXBuildFile; fileRef = 0046EE1428B27AD400F2E52F /* DetailListCellData.swift */; };
		0046EE1728B27B9700F2E52F /* LocationInformationViewController.swift in Sources */ = {isa = PBXBuildFile; fileRef = 0046EE1628B27B9700F2E52F /* LocationInformationViewController.swift */; };
		0046EE1A28B27BD700F2E52F /* LocationInformationViewModel.swift in Sources */ = {isa = PBXBuildFile; fileRef = 0046EE1928B27BD700F2E52F /* LocationInformationViewModel.swift */; };
		0046EE1D28B27D0400F2E52F /* RxBlocking in Frameworks */ = {isa = PBXBuildFile; productRef = 0046EE1C28B27D0400F2E52F /* RxBlocking */; };
		0046EE1F28B27D0400F2E52F /* RxCocoa in Frameworks */ = {isa = PBXBuildFile; productRef = 0046EE1E28B27D0400F2E52F /* RxCocoa */; };
		0046EE2128B27D0400F2E52F /* RxRelay in Frameworks */ = {isa = PBXBuildFile; productRef = 0046EE2028B27D0400F2E52F /* RxRelay */; };
		0046EE2328B27D0400F2E52F /* RxSwift in Frameworks */ = {isa = PBXBuildFile; productRef = 0046EE2228B27D0400F2E52F /* RxSwift */; };
		0046EE2528B27D0400F2E52F /* RxTest in Frameworks */ = {isa = PBXBuildFile; productRef = 0046EE2428B27D0400F2E52F /* RxTest */; };
		0046EE2828B27D2A00F2E52F /* SnapKit in Frameworks */ = {isa = PBXBuildFile; productRef = 0046EE2728B27D2A00F2E52F /* SnapKit */; };
		0046EE2928B2879900F2E52F /* DaumMap.framework in Frameworks */ = {isa = PBXBuildFile; fileRef = 00308E1528B22BDE00225D0D /* DaumMap.framework */; };
		0046EE2B28B290DE00F2E52F /* MTMapViewError.swift in Sources */ = {isa = PBXBuildFile; fileRef = 0046EE2A28B290DE00F2E52F /* MTMapViewError.swift */; };
		0046EE2D28B34CEE00F2E52F /* DetailListCell.swift in Sources */ = {isa = PBXBuildFile; fileRef = 0046EE2C28B34CEE00F2E52F /* DetailListCell.swift */; };
		0046EE2F28B351CD00F2E52F /* DetailListBackgroundView.swift in Sources */ = {isa = PBXBuildFile; fileRef = 0046EE2E28B351CD00F2E52F /* DetailListBackgroundView.swift */; };
		0046EE3128B351EB00F2E52F /* DetailListBackgroundViewModel.swift in Sources */ = {isa = PBXBuildFile; fileRef = 0046EE3028B351EB00F2E52F /* DetailListBackgroundViewModel.swift */; };
		0046EE3328B36AF900F2E52F /* LocalAPI.swift in Sources */ = {isa = PBXBuildFile; fileRef = 0046EE3228B36AF900F2E52F /* LocalAPI.swift */; };
		0046EE3628B36E7500F2E52F /* LocalNetwork.swift in Sources */ = {isa = PBXBuildFile; fileRef = 0046EE3528B36E7500F2E52F /* LocalNetwork.swift */; };
		0046EE3828B3718F00F2E52F /* LocationInformationModel.swift in Sources */ = {isa = PBXBuildFile; fileRef = 0046EE3728B3718F00F2E52F /* LocationInformationModel.swift */; };
/* End PBXBuildFile section */

/* Begin PBXFileReference section */
		00308DA528B2239300225D0D /* FindCVS.app */ = {isa = PBXFileReference; explicitFileType = wrapper.application; includeInIndex = 0; path = FindCVS.app; sourceTree = BUILT_PRODUCTS_DIR; };
		00308DA828B2239300225D0D /* AppDelegate.swift */ = {isa = PBXFileReference; lastKnownFileType = sourcecode.swift; path = AppDelegate.swift; sourceTree = "<group>"; };
		00308DAA28B2239300225D0D /* SceneDelegate.swift */ = {isa = PBXFileReference; lastKnownFileType = sourcecode.swift; path = SceneDelegate.swift; sourceTree = "<group>"; };
		00308DAC28B2239300225D0D /* ViewController.swift */ = {isa = PBXFileReference; lastKnownFileType = sourcecode.swift; path = ViewController.swift; sourceTree = "<group>"; };
		00308DB128B2239400225D0D /* Assets.xcassets */ = {isa = PBXFileReference; lastKnownFileType = folder.assetcatalog; path = Assets.xcassets; sourceTree = "<group>"; };
		00308DB428B2239400225D0D /* Base */ = {isa = PBXFileReference; lastKnownFileType = file.storyboard; name = Base; path = Base.lproj/LaunchScreen.storyboard; sourceTree = "<group>"; };
		00308DB628B2239400225D0D /* Info.plist */ = {isa = PBXFileReference; lastKnownFileType = text.plist.xml; path = Info.plist; sourceTree = "<group>"; };
		00308DE128B22B7200225D0D /* OpenGLES.framework */ = {isa = PBXFileReference; lastKnownFileType = wrapper.framework; name = OpenGLES.framework; path = System/Library/Frameworks/OpenGLES.framework; sourceTree = SDKROOT; };
		00308DE328B22B7B00225D0D /* SystemConfiguration.framework */ = {isa = PBXFileReference; lastKnownFileType = wrapper.framework; name = SystemConfiguration.framework; path = System/Library/Frameworks/SystemConfiguration.framework; sourceTree = SDKROOT; };
		00308DE528B22B8C00225D0D /* CoreLocation.framework */ = {isa = PBXFileReference; lastKnownFileType = wrapper.framework; name = CoreLocation.framework; path = System/Library/Frameworks/CoreLocation.framework; sourceTree = SDKROOT; };
		00308DE728B22B9600225D0D /* QuartzCore.framework */ = {isa = PBXFileReference; lastKnownFileType = wrapper.framework; name = QuartzCore.framework; path = System/Library/Frameworks/QuartzCore.framework; sourceTree = SDKROOT; };
		00308DE928B22BA600225D0D /* libc++.tbd */ = {isa = PBXFileReference; lastKnownFileType = "sourcecode.text-based-dylib-definition"; name = "libc++.tbd"; path = "usr/lib/libc++.tbd"; sourceTree = SDKROOT; };
		00308DEB28B22BB100225D0D /* libxml2.tbd */ = {isa = PBXFileReference; lastKnownFileType = "sourcecode.text-based-dylib-definition"; name = libxml2.tbd; path = usr/lib/libxml2.tbd; sourceTree = SDKROOT; };
		00308DED28B22BBF00225D0D /* libsqlite3.tbd */ = {isa = PBXFileReference; lastKnownFileType = "sourcecode.text-based-dylib-definition"; name = libsqlite3.tbd; path = usr/lib/libsqlite3.tbd; sourceTree = SDKROOT; };
		00308DF128B22BDE00225D0D /* map_pinup_custom@3x.png */ = {isa = PBXFileReference; lastKnownFileType = image.png; path = "map_pinup_custom@3x.png"; sourceTree = "<group>"; };
		00308DF228B22BDE00225D0D /* map_pin_custom.png */ = {isa = PBXFileReference; lastKnownFileType = image.png; path = map_pin_custom.png; sourceTree = "<group>"; };
		00308DF328B22BDE00225D0D /* shadow_balloon.png */ = {isa = PBXFileReference; lastKnownFileType = image.png; path = shadow_balloon.png; sourceTree = "<group>"; };
		00308DF428B22BDE00225D0D /* map_pinup.png */ = {isa = PBXFileReference; lastKnownFileType = image.png; path = map_pinup.png; sourceTree = "<group>"; };
		00308DF528B22BDE00225D0D /* detail_button.png */ = {isa = PBXFileReference; lastKnownFileType = image.png; path = detail_button.png; sourceTree = "<group>"; };
		00308DF628B22BDE00225D0D /* map_pin_custom@3x.png */ = {isa = PBXFileReference; lastKnownFileType = image.png; path = "map_pin_custom@3x.png"; sourceTree = "<group>"; };
		00308DF728B22BDE00225D0D /* map_pinup@3x.png */ = {isa = PBXFileReference; lastKnownFileType = image.png; path = "map_pinup@3x.png"; sourceTree = "<group>"; };
		00308DF828B22BDE00225D0D /* map_pin_shadow@3x.png */ = {isa = PBXFileReference; lastKnownFileType = image.png; path = "map_pin_shadow@3x.png"; sourceTree = "<group>"; };
		00308DF928B22BDE00225D0D /* copyright.png */ = {isa = PBXFileReference; lastKnownFileType = image.png; path = copyright.png; sourceTree = "<group>"; };
		00308DFA28B22BDE00225D0D /* th_line.png */ = {isa = PBXFileReference; lastKnownFileType = image.png; path = th_line.png; sourceTree = "<group>"; };
		00308DFB28B22BDE00225D0D /* map_pin_red@3x.png */ = {isa = PBXFileReference; lastKnownFileType = image.png; path = "map_pin_red@3x.png"; sourceTree = "<group>"; };
		00308DFC28B22BDE00225D0D /* daum_copyright.png */ = {isa = PBXFileReference; lastKnownFileType = image.png; path = daum_copyright.png; sourceTree = "<group>"; };
		00308DFD28B22BDE00225D0D /* map_pin@3x.png */ = {isa = PBXFileReference; lastKnownFileType = image.png; path = "map_pin@3x.png"; sourceTree = "<group>"; };
		00308DFE28B22BDE00225D0D /* map_present_tracking.png */ = {isa = PBXFileReference; lastKnownFileType = image.png; path = map_present_tracking.png; sourceTree = "<group>"; };
		00308DFF28B22BDE00225D0D /* map_pin_red.png */ = {isa = PBXFileReference; lastKnownFileType = image.png; path = map_pin_red.png; sourceTree = "<group>"; };
		00308E0128B22BDE00225D0D /* MTMapPOIItem.h */ = {isa = PBXFileReference; fileEncoding = 4; lastKnownFileType = sourcecode.c.h; path = MTMapPOIItem.h; sourceTree = "<group>"; };
		00308E0228B22BDE00225D0D /* MTMapCameraUpdate.h */ = {isa = PBXFileReference; fileEncoding = 4; lastKnownFileType = sourcecode.c.h; path = MTMapCameraUpdate.h; sourceTree = "<group>"; };
		00308E0328B22BDE00225D0D /* MTMapReverseGeoCoder.h */ = {isa = PBXFileReference; fileEncoding = 4; lastKnownFileType = sourcecode.c.h; path = MTMapReverseGeoCoder.h; sourceTree = "<group>"; };
		00308E0428B22BDE00225D0D /* MTMapPolyline.h */ = {isa = PBXFileReference; fileEncoding = 4; lastKnownFileType = sourcecode.c.h; path = MTMapPolyline.h; sourceTree = "<group>"; };
		00308E0528B22BDE00225D0D /* MTMapLocationMarkerItem.h */ = {isa = PBXFileReference; fileEncoding = 4; lastKnownFileType = sourcecode.c.h; path = MTMapLocationMarkerItem.h; sourceTree = "<group>"; };
		00308E0628B22BDE00225D0D /* MTMapView.h */ = {isa = PBXFileReference; fileEncoding = 4; lastKnownFileType = sourcecode.c.h; path = MTMapView.h; sourceTree = "<group>"; };
		00308E0728B22BDE00225D0D /* MTMapGeometry.h */ = {isa = PBXFileReference; fileEncoding = 4; lastKnownFileType = sourcecode.c.h; path = MTMapGeometry.h; sourceTree = "<group>"; };
		00308E0828B22BDE00225D0D /* MTMapCircle.h */ = {isa = PBXFileReference; fileEncoding = 4; lastKnownFileType = sourcecode.c.h; path = MTMapCircle.h; sourceTree = "<group>"; };
		00308E0928B22BDE00225D0D /* info_box.png */ = {isa = PBXFileReference; lastKnownFileType = image.png; path = info_box.png; sourceTree = "<group>"; };
		00308E0A28B22BDE00225D0D /* point_sprite.png */ = {isa = PBXFileReference; lastKnownFileType = image.png; path = point_sprite.png; sourceTree = "<group>"; };
		00308E0B28B22BDE00225D0D /* map_pinup_custom.png */ = {isa = PBXFileReference; lastKnownFileType = image.png; path = map_pinup_custom.png; sourceTree = "<group>"; };
		00308E0C28B22BDE00225D0D /* info_box_tail.png */ = {isa = PBXFileReference; lastKnownFileType = image.png; path = info_box_tail.png; sourceTree = "<group>"; };
		00308E0D28B22BDE00225D0D /* noimage256.png */ = {isa = PBXFileReference; lastKnownFileType = image.png; path = noimage256.png; sourceTree = "<group>"; };
		00308E0E28B22BDE00225D0D /* map_present_direction.png */ = {isa = PBXFileReference; lastKnownFileType = image.png; path = map_present_direction.png; sourceTree = "<group>"; };
		00308E0F28B22BDE00225D0D /* map_pin.png */ = {isa = PBXFileReference; lastKnownFileType = image.png; path = map_pin.png; sourceTree = "<group>"; };
		00308E1028B22BDE00225D0D /* map_present.png */ = {isa = PBXFileReference; lastKnownFileType = image.png; path = map_present.png; sourceTree = "<group>"; };
		00308E1128B22BDE00225D0D /* noimage.png */ = {isa = PBXFileReference; lastKnownFileType = image.png; path = noimage.png; sourceTree = "<group>"; };
		00308E1228B22BDE00225D0D /* map_present_background_update.png */ = {isa = PBXFileReference; lastKnownFileType = image.png; path = map_present_background_update.png; sourceTree = "<group>"; };
		00308E1328B22BDE00225D0D /* daum_th_line.png */ = {isa = PBXFileReference; lastKnownFileType = image.png; path = daum_th_line.png; sourceTree = "<group>"; };
		00308E1428B22BDE00225D0D /* map_pin_shadow.png */ = {isa = PBXFileReference; lastKnownFileType = image.png; path = map_pin_shadow.png; sourceTree = "<group>"; };
		00308E1528B22BDE00225D0D /* DaumMap.framework */ = {isa = PBXFileReference; lastKnownFileType = wrapper.framework; path = DaumMap.framework; sourceTree = "<group>"; };
		00308E3228B22C1100225D0D /* BridgingHeader.h */ = {isa = PBXFileReference; lastKnownFileType = sourcecode.c.h; path = BridgingHeader.h; sourceTree = "<group>"; };
		0046EE0F28B2796400F2E52F /* LocationData.swift */ = {isa = PBXFileReference; lastKnownFileType = sourcecode.swift; path = LocationData.swift; sourceTree = "<group>"; };
		0046EE1228B279DD00F2E52F /* KLDocument.swift */ = {isa = PBXFileReference; lastKnownFileType = sourcecode.swift; path = KLDocument.swift; sourceTree = "<group>"; };
		0046EE1428B27AD400F2E52F /* DetailListCellData.swift */ = {isa = PBXFileReference; lastKnownFileType = sourcecode.swift; path = DetailListCellData.swift; sourceTree = "<group>"; };
		0046EE1628B27B9700F2E52F /* LocationInformationViewController.swift */ = {isa = PBXFileReference; lastKnownFileType = sourcecode.swift; path = LocationInformationViewController.swift; sourceTree = "<group>"; };
		0046EE1928B27BD700F2E52F /* LocationInformationViewModel.swift */ = {isa = PBXFileReference; lastKnownFileType = sourcecode.swift; path = LocationInformationViewModel.swift; sourceTree = "<group>"; };
		0046EE2A28B290DE00F2E52F /* MTMapViewError.swift */ = {isa = PBXFileReference; lastKnownFileType = sourcecode.swift; path = MTMapViewError.swift; sourceTree = "<group>"; };
		0046EE2C28B34CEE00F2E52F /* DetailListCell.swift */ = {isa = PBXFileReference; lastKnownFileType = sourcecode.swift; path = DetailListCell.swift; sourceTree = "<group>"; };
		0046EE2E28B351CD00F2E52F /* DetailListBackgroundView.swift */ = {isa = PBXFileReference; lastKnownFileType = sourcecode.swift; path = DetailListBackgroundView.swift; sourceTree = "<group>"; };
		0046EE3028B351EB00F2E52F /* DetailListBackgroundViewModel.swift */ = {isa = PBXFileReference; lastKnownFileType = sourcecode.swift; path = DetailListBackgroundViewModel.swift; sourceTree = "<group>"; };
		0046EE3228B36AF900F2E52F /* LocalAPI.swift */ = {isa = PBXFileReference; lastKnownFileType = sourcecode.swift; path = LocalAPI.swift; sourceTree = "<group>"; };
		0046EE3528B36E7500F2E52F /* LocalNetwork.swift */ = {isa = PBXFileReference; lastKnownFileType = sourcecode.swift; path = LocalNetwork.swift; sourceTree = "<group>"; };
		0046EE3728B3718F00F2E52F /* LocationInformationModel.swift */ = {isa = PBXFileReference; lastKnownFileType = sourcecode.swift; path = LocationInformationModel.swift; sourceTree = "<group>"; };
/* End PBXFileReference section */

/* Begin PBXFrameworksBuildPhase section */
		00308DA228B2239300225D0D /* Frameworks */ = {
			isa = PBXFrameworksBuildPhase;
			buildActionMask = 2147483647;
			files = (
				0046EE2528B27D0400F2E52F /* RxTest in Frameworks */,
				00308DEE28B22BBF00225D0D /* libsqlite3.tbd in Frameworks */,
				0046EE2928B2879900F2E52F /* DaumMap.framework in Frameworks */,
				0046EE1D28B27D0400F2E52F /* RxBlocking in Frameworks */,
				0046EE2828B27D2A00F2E52F /* SnapKit in Frameworks */,
				0046EE1F28B27D0400F2E52F /* RxCocoa in Frameworks */,
				00308DEC28B22BB100225D0D /* libxml2.tbd in Frameworks */,
				00308DEA28B22BA600225D0D /* libc++.tbd in Frameworks */,
				00308DE828B22B9600225D0D /* QuartzCore.framework in Frameworks */,
				0046EE2328B27D0400F2E52F /* RxSwift in Frameworks */,
				00308DE628B22B8C00225D0D /* CoreLocation.framework in Frameworks */,
				00308DE428B22B7B00225D0D /* SystemConfiguration.framework in Frameworks */,
				00308DE228B22B7200225D0D /* OpenGLES.framework in Frameworks */,
				0046EE2128B27D0400F2E52F /* RxRelay in Frameworks */,
			);
			runOnlyForDeploymentPostprocessing = 0;
		};
/* End PBXFrameworksBuildPhase section */

/* Begin PBXGroup section */
		00308D9C28B2239300225D0D = {
			isa = PBXGroup;
			children = (
				00308DA728B2239300225D0D /* FindCVS */,
				00308DA628B2239300225D0D /* Products */,
				00308DE028B22B7200225D0D /* Frameworks */,
			);
			sourceTree = "<group>";
		};
		00308DA628B2239300225D0D /* Products */ = {
			isa = PBXGroup;
			children = (
				00308DA528B2239300225D0D /* FindCVS.app */,
			);
			name = Products;
			sourceTree = "<group>";
		};
		00308DA728B2239300225D0D /* FindCVS */ = {
			isa = PBXGroup;
			children = (
				00308E3228B22C1100225D0D /* BridgingHeader.h */,
				00308DA828B2239300225D0D /* AppDelegate.swift */,
				00308DAA28B2239300225D0D /* SceneDelegate.swift */,
				00308DAC28B2239300225D0D /* ViewController.swift */,
				0046EE3428B36AFE00F2E52F /* Network */,
				0046EE1828B27B9C00F2E52F /* Presentation */,
				0046EE1128B2797200F2E52F /* Entities */,
				00308DB128B2239400225D0D /* Assets.xcassets */,
				00308DB328B2239400225D0D /* LaunchScreen.storyboard */,
				00308DB628B2239400225D0D /* Info.plist */,
			);
			path = FindCVS;
			sourceTree = "<group>";
		};
		00308DE028B22B7200225D0D /* Frameworks */ = {
			isa = PBXGroup;
			children = (
				00308DEF28B22BDE00225D0D /* DaumMap.embeddedframework */,
				00308DED28B22BBF00225D0D /* libsqlite3.tbd */,
				00308DEB28B22BB100225D0D /* libxml2.tbd */,
				00308DE928B22BA600225D0D /* libc++.tbd */,
				00308DE728B22B9600225D0D /* QuartzCore.framework */,
				00308DE528B22B8C00225D0D /* CoreLocation.framework */,
				00308DE328B22B7B00225D0D /* SystemConfiguration.framework */,
				00308DE128B22B7200225D0D /* OpenGLES.framework */,
			);
			name = Frameworks;
			sourceTree = "<group>";
		};
		00308DEF28B22BDE00225D0D /* DaumMap.embeddedframework */ = {
			isa = PBXGroup;
			children = (
				00308DF028B22BDE00225D0D /* Resources */,
				00308E1528B22BDE00225D0D /* DaumMap.framework */,
			);
			path = DaumMap.embeddedframework;
			sourceTree = "<group>";
		};
		00308DF028B22BDE00225D0D /* Resources */ = {
			isa = PBXGroup;
			children = (
				00308DF128B22BDE00225D0D /* map_pinup_custom@3x.png */,
				00308DF228B22BDE00225D0D /* map_pin_custom.png */,
				00308DF328B22BDE00225D0D /* shadow_balloon.png */,
				00308DF428B22BDE00225D0D /* map_pinup.png */,
				00308DF528B22BDE00225D0D /* detail_button.png */,
				00308DF628B22BDE00225D0D /* map_pin_custom@3x.png */,
				00308DF728B22BDE00225D0D /* map_pinup@3x.png */,
				00308DF828B22BDE00225D0D /* map_pin_shadow@3x.png */,
				00308DF928B22BDE00225D0D /* copyright.png */,
				00308DFA28B22BDE00225D0D /* th_line.png */,
				00308DFB28B22BDE00225D0D /* map_pin_red@3x.png */,
				00308DFC28B22BDE00225D0D /* daum_copyright.png */,
				00308DFD28B22BDE00225D0D /* map_pin@3x.png */,
				00308DFE28B22BDE00225D0D /* map_present_tracking.png */,
				00308DFF28B22BDE00225D0D /* map_pin_red.png */,
				00308E0028B22BDE00225D0D /* Headers */,
				00308E0928B22BDE00225D0D /* info_box.png */,
				00308E0A28B22BDE00225D0D /* point_sprite.png */,
				00308E0B28B22BDE00225D0D /* map_pinup_custom.png */,
				00308E0C28B22BDE00225D0D /* info_box_tail.png */,
				00308E0D28B22BDE00225D0D /* noimage256.png */,
				00308E0E28B22BDE00225D0D /* map_present_direction.png */,
				00308E0F28B22BDE00225D0D /* map_pin.png */,
				00308E1028B22BDE00225D0D /* map_present.png */,
				00308E1128B22BDE00225D0D /* noimage.png */,
				00308E1228B22BDE00225D0D /* map_present_background_update.png */,
				00308E1328B22BDE00225D0D /* daum_th_line.png */,
				00308E1428B22BDE00225D0D /* map_pin_shadow.png */,
			);
			path = Resources;
			sourceTree = "<group>";
		};
		00308E0028B22BDE00225D0D /* Headers */ = {
			isa = PBXGroup;
			children = (
				00308E0128B22BDE00225D0D /* MTMapPOIItem.h */,
				00308E0228B22BDE00225D0D /* MTMapCameraUpdate.h */,
				00308E0328B22BDE00225D0D /* MTMapReverseGeoCoder.h */,
				00308E0428B22BDE00225D0D /* MTMapPolyline.h */,
				00308E0528B22BDE00225D0D /* MTMapLocationMarkerItem.h */,
				00308E0628B22BDE00225D0D /* MTMapView.h */,
				00308E0728B22BDE00225D0D /* MTMapGeometry.h */,
				00308E0828B22BDE00225D0D /* MTMapCircle.h */,
			);
			path = Headers;
			sourceTree = "<group>";
		};
		0046EE1128B2797200F2E52F /* Entities */ = {
			isa = PBXGroup;
			children = (
				0046EE2A28B290DE00F2E52F /* MTMapViewError.swift */,
				0046EE0F28B2796400F2E52F /* LocationData.swift */,
				0046EE1228B279DD00F2E52F /* KLDocument.swift */,
				0046EE1428B27AD400F2E52F /* DetailListCellData.swift */,
			);
			path = Entities;
			sourceTree = "<group>";
		};
		0046EE1828B27B9C00F2E52F /* Presentation */ = {
			isa = PBXGroup;
			children = (
				0046EE3928B3719300F2E52F /* LocationInfo */,
				0046EE2C28B34CEE00F2E52F /* DetailListCell.swift */,
				0046EE2E28B351CD00F2E52F /* DetailListBackgroundView.swift */,
				0046EE3028B351EB00F2E52F /* DetailListBackgroundViewModel.swift */,
			);
			path = Presentation;
			sourceTree = "<group>";
		};
		0046EE3428B36AFE00F2E52F /* Network */ = {
			isa = PBXGroup;
			children = (
				0046EE3228B36AF900F2E52F /* LocalAPI.swift */,
				0046EE3528B36E7500F2E52F /* LocalNetwork.swift */,
			);
			path = Network;
			sourceTree = "<group>";
		};
		0046EE3928B3719300F2E52F /* LocationInfo */ = {
			isa = PBXGroup;
			children = (
				0046EE1628B27B9700F2E52F /* LocationInformationViewController.swift */,
				0046EE1928B27BD700F2E52F /* LocationInformationViewModel.swift */,
				0046EE3728B3718F00F2E52F /* LocationInformationModel.swift */,
			);
			path = LocationInfo;
			sourceTree = "<group>";
		};
/* End PBXGroup section */

/* Begin PBXNativeTarget section */
		00308DA428B2239300225D0D /* FindCVS */ = {
			isa = PBXNativeTarget;
			buildConfigurationList = 00308DB928B2239400225D0D /* Build configuration list for PBXNativeTarget "FindCVS" */;
			buildPhases = (
				00308DA128B2239300225D0D /* Sources */,
				00308DA228B2239300225D0D /* Frameworks */,
				00308DA328B2239300225D0D /* Resources */,
			);
			buildRules = (
			);
			dependencies = (
			);
			name = FindCVS;
			packageProductDependencies = (
				0046EE1C28B27D0400F2E52F /* RxBlocking */,
				0046EE1E28B27D0400F2E52F /* RxCocoa */,
				0046EE2028B27D0400F2E52F /* RxRelay */,
				0046EE2228B27D0400F2E52F /* RxSwift */,
				0046EE2428B27D0400F2E52F /* RxTest */,
				0046EE2728B27D2A00F2E52F /* SnapKit */,
			);
			productName = FindCVS;
			productReference = 00308DA528B2239300225D0D /* FindCVS.app */;
			productType = "com.apple.product-type.application";
		};
/* End PBXNativeTarget section */

/* Begin PBXProject section */
		00308D9D28B2239300225D0D /* Project object */ = {
			isa = PBXProject;
			attributes = {
				BuildIndependentTargetsInParallel = 1;
				LastSwiftUpdateCheck = 1300;
				LastUpgradeCheck = 1300;
				TargetAttributes = {
					00308DA428B2239300225D0D = {
						CreatedOnToolsVersion = 13.0;
					};
				};
			};
			buildConfigurationList = 00308DA028B2239300225D0D /* Build configuration list for PBXProject "FindCVS" */;
			compatibilityVersion = "Xcode 13.0";
			developmentRegion = en;
			hasScannedForEncodings = 0;
			knownRegions = (
				en,
				Base,
			);
			mainGroup = 00308D9C28B2239300225D0D;
			packageReferences = (
				0046EE1B28B27D0400F2E52F /* XCRemoteSwiftPackageReference "rxswift" */,
				0046EE2628B27D2A00F2E52F /* XCRemoteSwiftPackageReference "SnapKit" */,
			);
			productRefGroup = 00308DA628B2239300225D0D /* Products */;
			projectDirPath = "";
			projectRoot = "";
			targets = (
				00308DA428B2239300225D0D /* FindCVS */,
			);
		};
/* End PBXProject section */

/* Begin PBXResourcesBuildPhase section */
		00308DA328B2239300225D0D /* Resources */ = {
			isa = PBXResourcesBuildPhase;
			buildActionMask = 2147483647;
			files = (
				00308E2C28B22BDE00225D0D /* map_present.png in Resources */,
				00308E2228B22BDE00225D0D /* map_pin@3x.png in Resources */,
				00308E2028B22BDE00225D0D /* map_pin_red@3x.png in Resources */,
				00308E2B28B22BDE00225D0D /* map_pin.png in Resources */,
				00308E2428B22BDE00225D0D /* map_pin_red.png in Resources */,
				00308E1628B22BDE00225D0D /* map_pinup_custom@3x.png in Resources */,
				00308E1E28B22BDE00225D0D /* copyright.png in Resources */,
				00308E1D28B22BDE00225D0D /* map_pin_shadow@3x.png in Resources */,
				00308DB528B2239400225D0D /* LaunchScreen.storyboard in Resources */,
				00308E2128B22BDE00225D0D /* daum_copyright.png in Resources */,
				00308E2528B22BDE00225D0D /* info_box.png in Resources */,
				00308E1B28B22BDE00225D0D /* map_pin_custom@3x.png in Resources */,
				00308E3028B22BDE00225D0D /* map_pin_shadow.png in Resources */,
				00308E2328B22BDE00225D0D /* map_present_tracking.png in Resources */,
				00308E1A28B22BDE00225D0D /* detail_button.png in Resources */,
				00308E2D28B22BDE00225D0D /* noimage.png in Resources */,
				00308E1F28B22BDE00225D0D /* th_line.png in Resources */,
				00308E2828B22BDE00225D0D /* info_box_tail.png in Resources */,
				00308E1728B22BDE00225D0D /* map_pin_custom.png in Resources */,
				00308E2728B22BDE00225D0D /* map_pinup_custom.png in Resources */,
				00308E1C28B22BDE00225D0D /* map_pinup@3x.png in Resources */,
				00308E2628B22BDE00225D0D /* point_sprite.png in Resources */,
				00308E2E28B22BDE00225D0D /* map_present_background_update.png in Resources */,
				00308E2A28B22BDE00225D0D /* map_present_direction.png in Resources */,
				00308E2928B22BDE00225D0D /* noimage256.png in Resources */,
				00308E1828B22BDE00225D0D /* shadow_balloon.png in Resources */,
				00308DB228B2239400225D0D /* Assets.xcassets in Resources */,
				00308E2F28B22BDE00225D0D /* daum_th_line.png in Resources */,
				00308E1928B22BDE00225D0D /* map_pinup.png in Resources */,
			);
			runOnlyForDeploymentPostprocessing = 0;
		};
/* End PBXResourcesBuildPhase section */

/* Begin PBXSourcesBuildPhase section */
		00308DA128B2239300225D0D /* Sources */ = {
			isa = PBXSourcesBuildPhase;
			buildActionMask = 2147483647;
			files = (
				0046EE1A28B27BD700F2E52F /* LocationInformationViewModel.swift in Sources */,
				0046EE1028B2796400F2E52F /* LocationData.swift in Sources */,
				0046EE3828B3718F00F2E52F /* LocationInformationModel.swift in Sources */,
				0046EE2D28B34CEE00F2E52F /* DetailListCell.swift in Sources */,
				0046EE1728B27B9700F2E52F /* LocationInformationViewController.swift in Sources */,
				0046EE3628B36E7500F2E52F /* LocalNetwork.swift in Sources */,
				0046EE2F28B351CD00F2E52F /* DetailListBackgroundView.swift in Sources */,
				0046EE3328B36AF900F2E52F /* LocalAPI.swift in Sources */,
				0046EE1328B279DD00F2E52F /* KLDocument.swift in Sources */,
				00308DAD28B2239300225D0D /* ViewController.swift in Sources */,
				00308DA928B2239300225D0D /* AppDelegate.swift in Sources */,
				0046EE1528B27AD500F2E52F /* DetailListCellData.swift in Sources */,
				0046EE3128B351EB00F2E52F /* DetailListBackgroundViewModel.swift in Sources */,
				0046EE2B28B290DE00F2E52F /* MTMapViewError.swift in Sources */,
				00308DAB28B2239300225D0D /* SceneDelegate.swift in Sources */,
			);
			runOnlyForDeploymentPostprocessing = 0;
		};
/* End PBXSourcesBuildPhase section */

/* Begin PBXVariantGroup section */
		00308DB328B2239400225D0D /* LaunchScreen.storyboard */ = {
			isa = PBXVariantGroup;
			children = (
				00308DB428B2239400225D0D /* Base */,
			);
			name = LaunchScreen.storyboard;
			sourceTree = "<group>";
		};
/* End PBXVariantGroup section */

/* Begin XCBuildConfiguration section */
		00308DB728B2239400225D0D /* Debug */ = {
			isa = XCBuildConfiguration;
			buildSettings = {
				ALWAYS_SEARCH_USER_PATHS = NO;
				CLANG_ANALYZER_NONNULL = YES;
				CLANG_ANALYZER_NUMBER_OBJECT_CONVERSION = YES_AGGRESSIVE;
				CLANG_CXX_LANGUAGE_STANDARD = "gnu++17";
				CLANG_CXX_LIBRARY = "libc++";
				CLANG_ENABLE_MODULES = YES;
				CLANG_ENABLE_OBJC_ARC = NO;
				CLANG_ENABLE_OBJC_WEAK = YES;
				CLANG_WARN_BLOCK_CAPTURE_AUTORELEASING = YES;
				CLANG_WARN_BOOL_CONVERSION = YES;
				CLANG_WARN_COMMA = YES;
				CLANG_WARN_CONSTANT_CONVERSION = YES;
				CLANG_WARN_DEPRECATED_OBJC_IMPLEMENTATIONS = YES;
				CLANG_WARN_DIRECT_OBJC_ISA_USAGE = YES_ERROR;
				CLANG_WARN_DOCUMENTATION_COMMENTS = YES;
				CLANG_WARN_EMPTY_BODY = YES;
				CLANG_WARN_ENUM_CONVERSION = YES;
				CLANG_WARN_INFINITE_RECURSION = YES;
				CLANG_WARN_INT_CONVERSION = YES;
				CLANG_WARN_NON_LITERAL_NULL_CONVERSION = YES;
				CLANG_WARN_OBJC_IMPLICIT_RETAIN_SELF = YES;
				CLANG_WARN_OBJC_LITERAL_CONVERSION = YES;
				CLANG_WARN_OBJC_ROOT_CLASS = YES_ERROR;
				CLANG_WARN_QUOTED_INCLUDE_IN_FRAMEWORK_HEADER = YES;
				CLANG_WARN_RANGE_LOOP_ANALYSIS = YES;
				CLANG_WARN_STRICT_PROTOTYPES = YES;
				CLANG_WARN_SUSPICIOUS_MOVE = YES;
				CLANG_WARN_UNGUARDED_AVAILABILITY = YES_AGGRESSIVE;
				CLANG_WARN_UNREACHABLE_CODE = YES;
				CLANG_WARN__DUPLICATE_METHOD_MATCH = YES;
				COPY_PHASE_STRIP = NO;
				DEBUG_INFORMATION_FORMAT = dwarf;
				ENABLE_STRICT_OBJC_MSGSEND = YES;
				ENABLE_TESTABILITY = YES;
				EXCLUDED_ARCHS = arm64;
				"EXCLUDED_ARCHS[sdk=iphonesimulator*]" = arm64;
				GCC_C_LANGUAGE_STANDARD = gnu11;
				GCC_DYNAMIC_NO_PIC = NO;
				GCC_NO_COMMON_BLOCKS = YES;
				GCC_OPTIMIZATION_LEVEL = 0;
				GCC_PREPROCESSOR_DEFINITIONS = (
					"DEBUG=1",
					"$(inherited)",
				);
				GCC_WARN_64_TO_32_BIT_CONVERSION = YES;
				GCC_WARN_ABOUT_RETURN_TYPE = YES_ERROR;
				GCC_WARN_UNDECLARED_SELECTOR = YES;
				GCC_WARN_UNINITIALIZED_AUTOS = YES_AGGRESSIVE;
				GCC_WARN_UNUSED_FUNCTION = YES;
				GCC_WARN_UNUSED_VARIABLE = YES;
				IPHONEOS_DEPLOYMENT_TARGET = 15.0;
				MTL_ENABLE_DEBUG_INFO = INCLUDE_SOURCE;
				MTL_FAST_MATH = YES;
				ONLY_ACTIVE_ARCH = YES;
				SDKROOT = iphoneos;
				SWIFT_ACTIVE_COMPILATION_CONDITIONS = DEBUG;
				SWIFT_OPTIMIZATION_LEVEL = "-Onone";
			};
			name = Debug;
		};
		00308DB828B2239400225D0D /* Release */ = {
			isa = XCBuildConfiguration;
			buildSettings = {
				ALWAYS_SEARCH_USER_PATHS = NO;
				CLANG_ANALYZER_NONNULL = YES;
				CLANG_ANALYZER_NUMBER_OBJECT_CONVERSION = YES_AGGRESSIVE;
				CLANG_CXX_LANGUAGE_STANDARD = "gnu++17";
				CLANG_CXX_LIBRARY = "libc++";
				CLANG_ENABLE_MODULES = YES;
				CLANG_ENABLE_OBJC_ARC = NO;
				CLANG_ENABLE_OBJC_WEAK = YES;
				CLANG_WARN_BLOCK_CAPTURE_AUTORELEASING = YES;
				CLANG_WARN_BOOL_CONVERSION = YES;
				CLANG_WARN_COMMA = YES;
				CLANG_WARN_CONSTANT_CONVERSION = YES;
				CLANG_WARN_DEPRECATED_OBJC_IMPLEMENTATIONS = YES;
				CLANG_WARN_DIRECT_OBJC_ISA_USAGE = YES_ERROR;
				CLANG_WARN_DOCUMENTATION_COMMENTS = YES;
				CLANG_WARN_EMPTY_BODY = YES;
				CLANG_WARN_ENUM_CONVERSION = YES;
				CLANG_WARN_INFINITE_RECURSION = YES;
				CLANG_WARN_INT_CONVERSION = YES;
				CLANG_WARN_NON_LITERAL_NULL_CONVERSION = YES;
				CLANG_WARN_OBJC_IMPLICIT_RETAIN_SELF = YES;
				CLANG_WARN_OBJC_LITERAL_CONVERSION = YES;
				CLANG_WARN_OBJC_ROOT_CLASS = YES_ERROR;
				CLANG_WARN_QUOTED_INCLUDE_IN_FRAMEWORK_HEADER = YES;
				CLANG_WARN_RANGE_LOOP_ANALYSIS = YES;
				CLANG_WARN_STRICT_PROTOTYPES = YES;
				CLANG_WARN_SUSPICIOUS_MOVE = YES;
				CLANG_WARN_UNGUARDED_AVAILABILITY = YES_AGGRESSIVE;
				CLANG_WARN_UNREACHABLE_CODE = YES;
				CLANG_WARN__DUPLICATE_METHOD_MATCH = YES;
				COPY_PHASE_STRIP = NO;
				DEBUG_INFORMATION_FORMAT = "dwarf-with-dsym";
				ENABLE_NS_ASSERTIONS = NO;
				ENABLE_STRICT_OBJC_MSGSEND = YES;
				EXCLUDED_ARCHS = arm64;
				"EXCLUDED_ARCHS[sdk=iphonesimulator*]" = arm64;
				GCC_C_LANGUAGE_STANDARD = gnu11;
				GCC_NO_COMMON_BLOCKS = YES;
				GCC_WARN_64_TO_32_BIT_CONVERSION = YES;
				GCC_WARN_ABOUT_RETURN_TYPE = YES_ERROR;
				GCC_WARN_UNDECLARED_SELECTOR = YES;
				GCC_WARN_UNINITIALIZED_AUTOS = YES_AGGRESSIVE;
				GCC_WARN_UNUSED_FUNCTION = YES;
				GCC_WARN_UNUSED_VARIABLE = YES;
				IPHONEOS_DEPLOYMENT_TARGET = 15.0;
				MTL_ENABLE_DEBUG_INFO = NO;
				MTL_FAST_MATH = YES;
				SDKROOT = iphoneos;
				SWIFT_COMPILATION_MODE = wholemodule;
				SWIFT_OPTIMIZATION_LEVEL = "-O";
				VALIDATE_PRODUCT = YES;
			};
			name = Release;
		};
		00308DBA28B2239400225D0D /* Debug */ = {
			isa = XCBuildConfiguration;
			buildSettings = {
				ASSETCATALOG_COMPILER_APPICON_NAME = AppIcon;
				ASSETCATALOG_COMPILER_GLOBAL_ACCENT_COLOR_NAME = AccentColor;
				CODE_SIGN_STYLE = Automatic;
				CURRENT_PROJECT_VERSION = 1;
				DEVELOPMENT_TEAM = 5TNZRXA5NC;
				EXCLUDED_ARCHS = arm64;
				"EXCLUDED_ARCHS[sdk=iphonesimulator*]" = "";
				FRAMEWORK_SEARCH_PATHS = (
					"$(inherited)",
					"$(PROJECT_DIR)/DaumMap.embeddedframework",
				);
				GENERATE_INFOPLIST_FILE = YES;
				INFOPLIST_FILE = FindCVS/Info.plist;
				INFOPLIST_KEY_UIApplicationSupportsIndirectInputEvents = YES;
				INFOPLIST_KEY_UILaunchStoryboardName = LaunchScreen;
				INFOPLIST_KEY_UIMainStoryboardFile = Main;
				INFOPLIST_KEY_UISupportedInterfaceOrientations_iPad = "UIInterfaceOrientationPortrait UIInterfaceOrientationPortraitUpsideDown UIInterfaceOrientationLandscapeLeft UIInterfaceOrientationLandscapeRight";
				INFOPLIST_KEY_UISupportedInterfaceOrientations_iPhone = "UIInterfaceOrientationPortrait UIInterfaceOrientationLandscapeLeft UIInterfaceOrientationLandscapeRight";
				LD_RUNPATH_SEARCH_PATHS = (
					"$(inherited)",
					"@executable_path/Frameworks",
				);
				MARKETING_VERSION = 1.0;
				PRODUCT_BUNDLE_IDENTIFIER = chacharachu.FindCVS;
				PRODUCT_NAME = "$(TARGET_NAME)";
				SWIFT_EMIT_LOC_STRINGS = YES;
				SWIFT_INSTALL_OBJC_HEADER = YES;
				SWIFT_OBJC_BRIDGING_HEADER = /Users/choochoo/Desktop/Swift_Study/FindCVS/FindCVS/BridgingHeader.h;
				SWIFT_VERSION = 5.0;
				TARGETED_DEVICE_FAMILY = "1,2";
			};
			name = Debug;
		};
		00308DBB28B2239400225D0D /* Release */ = {
			isa = XCBuildConfiguration;
			buildSettings = {
				ASSETCATALOG_COMPILER_APPICON_NAME = AppIcon;
				ASSETCATALOG_COMPILER_GLOBAL_ACCENT_COLOR_NAME = AccentColor;
				CODE_SIGN_STYLE = Automatic;
				CURRENT_PROJECT_VERSION = 1;
				DEVELOPMENT_TEAM = 5TNZRXA5NC;
				EXCLUDED_ARCHS = arm64;
				"EXCLUDED_ARCHS[sdk=iphonesimulator*]" = arm64;
				FRAMEWORK_SEARCH_PATHS = (
					"$(inherited)",
					"$(PROJECT_DIR)/DaumMap.embeddedframework",
				);
				GENERATE_INFOPLIST_FILE = YES;
				INFOPLIST_FILE = FindCVS/Info.plist;
				INFOPLIST_KEY_UIApplicationSupportsIndirectInputEvents = YES;
				INFOPLIST_KEY_UILaunchStoryboardName = LaunchScreen;
				INFOPLIST_KEY_UIMainStoryboardFile = Main;
				INFOPLIST_KEY_UISupportedInterfaceOrientations_iPad = "UIInterfaceOrientationPortrait UIInterfaceOrientationPortraitUpsideDown UIInterfaceOrientationLandscapeLeft UIInterfaceOrientationLandscapeRight";
				INFOPLIST_KEY_UISupportedInterfaceOrientations_iPhone = "UIInterfaceOrientationPortrait UIInterfaceOrientationLandscapeLeft UIInterfaceOrientationLandscapeRight";
				LD_RUNPATH_SEARCH_PATHS = (
					"$(inherited)",
					"@executable_path/Frameworks",
				);
				MARKETING_VERSION = 1.0;
				PRODUCT_BUNDLE_IDENTIFIER = chacharachu.FindCVS;
				PRODUCT_NAME = "$(TARGET_NAME)";
				SWIFT_EMIT_LOC_STRINGS = YES;
				SWIFT_INSTALL_OBJC_HEADER = YES;
				SWIFT_OBJC_BRIDGING_HEADER = /Users/choochoo/Desktop/Swift_Study/FindCVS/FindCVS/BridgingHeader.h;
				SWIFT_VERSION = 5.0;
				TARGETED_DEVICE_FAMILY = "1,2";
			};
			name = Release;
		};
/* End XCBuildConfiguration section */

/* Begin XCConfigurationList section */
		00308DA028B2239300225D0D /* Build configuration list for PBXProject "FindCVS" */ = {
			isa = XCConfigurationList;
			buildConfigurations = (
				00308DB728B2239400225D0D /* Debug */,
				00308DB828B2239400225D0D /* Release */,
			);
			defaultConfigurationIsVisible = 0;
			defaultConfigurationName = Release;
		};
		00308DB928B2239400225D0D /* Build configuration list for PBXNativeTarget "FindCVS" */ = {
			isa = XCConfigurationList;
			buildConfigurations = (
				00308DBA28B2239400225D0D /* Debug */,
				00308DBB28B2239400225D0D /* Release */,
			);
			defaultConfigurationIsVisible = 0;
			defaultConfigurationName = Release;
		};
/* End XCConfigurationList section */

/* Begin XCRemoteSwiftPackageReference section */
		0046EE1B28B27D0400F2E52F /* XCRemoteSwiftPackageReference "rxswift" */ = {
			isa = XCRemoteSwiftPackageReference;
			repositoryURL = "https://github.com/reactivex/rxswift";
			requirement = {
				kind = upToNextMajorVersion;
				minimumVersion = 6.0.0;
			};
		};
		0046EE2628B27D2A00F2E52F /* XCRemoteSwiftPackageReference "SnapKit" */ = {
			isa = XCRemoteSwiftPackageReference;
			repositoryURL = "https://github.com/SnapKit/SnapKit.git";
			requirement = {
				branch = develop;
				kind = branch;
			};
		};
/* End XCRemoteSwiftPackageReference section */

/* Begin XCSwiftPackageProductDependency section */
		0046EE1C28B27D0400F2E52F /* RxBlocking */ = {
			isa = XCSwiftPackageProductDependency;
			package = 0046EE1B28B27D0400F2E52F /* XCRemoteSwiftPackageReference "rxswift" */;
			productName = RxBlocking;
		};
		0046EE1E28B27D0400F2E52F /* RxCocoa */ = {
			isa = XCSwiftPackageProductDependency;
			package = 0046EE1B28B27D0400F2E52F /* XCRemoteSwiftPackageReference "rxswift" */;
			productName = RxCocoa;
		};
		0046EE2028B27D0400F2E52F /* RxRelay */ = {
			isa = XCSwiftPackageProductDependency;
			package = 0046EE1B28B27D0400F2E52F /* XCRemoteSwiftPackageReference "rxswift" */;
			productName = RxRelay;
		};
		0046EE2228B27D0400F2E52F /* RxSwift */ = {
			isa = XCSwiftPackageProductDependency;
			package = 0046EE1B28B27D0400F2E52F /* XCRemoteSwiftPackageReference "rxswift" */;
			productName = RxSwift;
		};
		0046EE2428B27D0400F2E52F /* RxTest */ = {
			isa = XCSwiftPackageProductDependency;
			package = 0046EE1B28B27D0400F2E52F /* XCRemoteSwiftPackageReference "rxswift" */;
			productName = RxTest;
		};
		0046EE2728B27D2A00F2E52F /* SnapKit */ = {
			isa = XCSwiftPackageProductDependency;
			package = 0046EE2628B27D2A00F2E52F /* XCRemoteSwiftPackageReference "SnapKit" */;
			productName = SnapKit;
		};
/* End XCSwiftPackageProductDependency section */
	};
	rootObject = 00308D9D28B2239300225D0D /* Project object */;
}
